
Microsoft Visual Studio Solution File, Format Version 12.00
# Visual Studio Version 17
VisualStudioVersion = 17.0.31919.166
MinimumVisualStudioVersion = 10.0.40219.1
Project("{FAE04EC0-301F-11D3-BF4B-00C04F79EFBC}") = "API_MusicaSebas", "API_MusicaSebas\API_MusicaSebas.csproj", "{245ACF22-FC6A-46E5-9AE2-23120F68579A}"
EndProject
Global
	GlobalSection(SolutionConfigurationPlatforms) = preSolution
		Debug|Any CPU = Debug|Any CPU
		Release|Any CPU = Release|Any CPU
	EndGlobalSection
	GlobalSection(ProjectConfigurationPlatforms) = postSolution
		{245ACF22-FC6A-46E5-9AE2-23120F68579A}.Debug|Any CPU.ActiveCfg = Debug|Any CPU
		{245ACF22-FC6A-46E5-9AE2-23120F68579A}.Debug|Any CPU.Build.0 = Debug|Any CPU
		{245ACF22-FC6A-46E5-9AE2-23120F68579A}.Release|Any CPU.ActiveCfg = Release|Any CPU
		{245ACF22-FC6A-46E5-9AE2-23120F68579A}.Release|Any CPU.Build.0 = Release|Any CPU
	EndGlobalSection
	GlobalSection(SolutionProperties) = preSolution
		HideSolutionNode = FALSE
	EndGlobalSection
	GlobalSection(ExtensibilityGlobals) = postSolution
		SolutionGuid = {989C0DC8-1FD4-4C6F-BAAF-3FB095D0441F}
	EndGlobalSection
EndGlobal
